
Microsoft Visual Studio Solution File, Format Version 12.00
# Visual Studio Version 16
VisualStudioVersion = 16.0.29519.87
MinimumVisualStudioVersion = 10.0.40219.1
Project("{FAE04EC0-301F-11D3-BF4B-00C04F79EFBC}") = "OOP_Task5", "OOP_Task5\OOP_Task5.csproj", "{ACD0D4E2-C627-4599-ACEE-6C6B5D15E735}"
EndProject
Global
	GlobalSection(SolutionConfigurationPlatforms) = preSolution
		Debug|Any CPU = Debug|Any CPU
		Release|Any CPU = Release|Any CPU
	EndGlobalSection
	GlobalSection(ProjectConfigurationPlatforms) = postSolution
		{ACD0D4E2-C627-4599-ACEE-6C6B5D15E735}.Debug|Any CPU.ActiveCfg = Debug|Any CPU
		{ACD0D4E2-C627-4599-ACEE-6C6B5D15E735}.Debug|Any CPU.Build.0 = Debug|Any CPU
		{ACD0D4E2-C627-4599-ACEE-6C6B5D15E735}.Release|Any CPU.ActiveCfg = Release|Any CPU
		{ACD0D4E2-C627-4599-ACEE-6C6B5D15E735}.Release|Any CPU.Build.0 = Release|Any CPU
	EndGlobalSection
	GlobalSection(SolutionProperties) = preSolution
		HideSolutionNode = FALSE
	EndGlobalSection
	GlobalSection(ExtensibilityGlobals) = postSolution
		SolutionGuid = {3024DDB9-A94C-47F0-B860-DF6B2554632F}
	EndGlobalSection
EndGlobal
